
Microsoft Visual Studio Solution File, Format Version 12.00
# Visual Studio 15
Project("{FAE04EC0-301F-11D3-BF4B-00C04F79EFBC}") = "Lab-4", "Lab-4\Lab-4.csproj", "{47A4C632-04E2-4811-8F1F-93D2F3B28041}"
EndProject
Global
	GlobalSection(SolutionConfigurationPlatforms) = preSolution
		Debug|Any CPU = Debug|Any CPU
		Release|Any CPU = Release|Any CPU
	EndGlobalSection
	GlobalSection(ProjectConfigurationPlatforms) = postSolution
		{47A4C632-04E2-4811-8F1F-93D2F3B28041}.Debug|Any CPU.ActiveCfg = Debug|Any CPU
		{47A4C632-04E2-4811-8F1F-93D2F3B28041}.Debug|Any CPU.Build.0 = Debug|Any CPU
		{47A4C632-04E2-4811-8F1F-93D2F3B28041}.Release|Any CPU.ActiveCfg = Release|Any CPU
		{47A4C632-04E2-4811-8F1F-93D2F3B28041}.Release|Any CPU.Build.0 = Release|Any CPU
	EndGlobalSection
EndGlobal
